
Microsoft Visual Studio Solution File, Format Version 12.00
# Visual Studio Version 17
VisualStudioVersion = 17.1.32421.90
MinimumVisualStudioVersion = 10.0.40219.1
Project("{9A19103F-16F7-4668-BE54-9A1E7A4F7556}") = "Checkout.Api", "Checkout.Api\Checkout.Api.csproj", "{69FE3F00-F05C-4FBC-9C91-424D562E1B93}"
EndProject
Global
	GlobalSection(SolutionConfigurationPlatforms) = preSolution
		Debug|Any CPU = Debug|Any CPU
		Release|Any CPU = Release|Any CPU
	EndGlobalSection
	GlobalSection(ProjectConfigurationPlatforms) = postSolution
		{69FE3F00-F05C-4FBC-9C91-424D562E1B93}.Debug|Any CPU.ActiveCfg = Debug|Any CPU
		{69FE3F00-F05C-4FBC-9C91-424D562E1B93}.Debug|Any CPU.Build.0 = Debug|Any CPU
		{69FE3F00-F05C-4FBC-9C91-424D562E1B93}.Release|Any CPU.ActiveCfg = Release|Any CPU
		{69FE3F00-F05C-4FBC-9C91-424D562E1B93}.Release|Any CPU.Build.0 = Release|Any CPU
	EndGlobalSection
	GlobalSection(SolutionProperties) = preSolution
		HideSolutionNode = FALSE
	EndGlobalSection
	GlobalSection(ExtensibilityGlobals) = postSolution
		SolutionGuid = {841F29EF-A618-4A31-801C-1107CCC6F38A}
	EndGlobalSection
EndGlobal
